
Microsoft Visual Studio Solution File, Format Version 12.00
# Visual Studio for Mac
Project("{FAE04EC0-301F-11D3-BF4B-00C04F79EFBC}") = "Assembly-CSharp", "Assembly-CSharp.csproj", "{B09F12EA-D42E-8993-87B0-BDE5013BFA15}"
EndProject
Project("{FAE04EC0-301F-11D3-BF4B-00C04F79EFBC}") = "Assembly-CSharp-Editor", "Assembly-CSharp-Editor.csproj", "{5ABB8471-B1B0-474D-98E5-2319121B32C9}"
EndProject
Project("{FAE04EC0-301F-11D3-BF4B-00C04F79EFBC}") = "Unity.XR.Management.Samples", "Unity.XR.Management.Samples.csproj", "{776B7F16-FB62-4378-93AC-2F356E1EE8BF}"
EndProject
Project("{FAE04EC0-301F-11D3-BF4B-00C04F79EFBC}") = "Unity.XR.Management.Samples.Editor", "Unity.XR.Management.Samples.Editor.csproj", "{82785787-8A5E-9EB5-4C1E-08BE94C844F2}"
EndProject
Global
	GlobalSection(SolutionConfigurationPlatforms) = preSolution
		Debug|Any CPU = Debug|Any CPU
		Release|Any CPU = Release|Any CPU
	EndGlobalSection
	GlobalSection(ProjectConfigurationPlatforms) = postSolution
		{B09F12EA-D42E-8993-87B0-BDE5013BFA15}.Debug|Any CPU.ActiveCfg = Debug|Any CPU
		{B09F12EA-D42E-8993-87B0-BDE5013BFA15}.Debug|Any CPU.Build.0 = Debug|Any CPU
		{B09F12EA-D42E-8993-87B0-BDE5013BFA15}.Release|Any CPU.ActiveCfg = Release|Any CPU
		{B09F12EA-D42E-8993-87B0-BDE5013BFA15}.Release|Any CPU.Build.0 = Release|Any CPU
		{5ABB8471-B1B0-474D-98E5-2319121B32C9}.Debug|Any CPU.ActiveCfg = Debug|Any CPU
		{5ABB8471-B1B0-474D-98E5-2319121B32C9}.Debug|Any CPU.Build.0 = Debug|Any CPU
		{5ABB8471-B1B0-474D-98E5-2319121B32C9}.Release|Any CPU.ActiveCfg = Release|Any CPU
		{5ABB8471-B1B0-474D-98E5-2319121B32C9}.Release|Any CPU.Build.0 = Release|Any CPU
		{776B7F16-FB62-4378-93AC-2F356E1EE8BF}.Debug|Any CPU.ActiveCfg = Debug|Any CPU
		{776B7F16-FB62-4378-93AC-2F356E1EE8BF}.Debug|Any CPU.Build.0 = Debug|Any CPU
		{776B7F16-FB62-4378-93AC-2F356E1EE8BF}.Release|Any CPU.ActiveCfg = Release|Any CPU
		{776B7F16-FB62-4378-93AC-2F356E1EE8BF}.Release|Any CPU.Build.0 = Release|Any CPU
		{82785787-8A5E-9EB5-4C1E-08BE94C844F2}.Debug|Any CPU.ActiveCfg = Debug|Any CPU
		{82785787-8A5E-9EB5-4C1E-08BE94C844F2}.Debug|Any CPU.Build.0 = Debug|Any CPU
		{82785787-8A5E-9EB5-4C1E-08BE94C844F2}.Release|Any CPU.ActiveCfg = Release|Any CPU
		{82785787-8A5E-9EB5-4C1E-08BE94C844F2}.Release|Any CPU.Build.0 = Release|Any CPU
	EndGlobalSection
	GlobalSection(SolutionProperties) = preSolution
		HideSolutionNode = FALSE
	EndGlobalSection
EndGlobal
